
Microsoft Visual Studio Solution File, Format Version 12.00
# Visual Studio Version 17
VisualStudioVersion = 17.1.31911.260
MinimumVisualStudioVersion = 10.0.40219.1
Project("{9A19103F-16F7-4668-BE54-9A1E7A4F7556}") = "Sparky", "Sparky\Sparky.csproj", "{BC072B0C-D52F-4D1C-887F-9C80FD36E773}"
EndProject
Project("{9A19103F-16F7-4668-BE54-9A1E7A4F7556}") = "SparkyMSTest", "SparkyMSTest\SparkyMSTest.csproj", "{A3C97F9B-4665-40D1-86C0-1DD4DF13BBB0}"
EndProject
Project("{9A19103F-16F7-4668-BE54-9A1E7A4F7556}") = "SparkyNUnitTest", "SparkyNUnitTest\SparkyNUnitTest.csproj", "{4FD96C20-15E1-426C-AD50-BAD7C7F0266A}"
EndProject
Project("{9A19103F-16F7-4668-BE54-9A1E7A4F7556}") = "SparkyXUnitTest", "SparkyXUnitTest\SparkyXUnitTest.csproj", "{6783A4BA-9EB9-49A3-A836-DFDA63E133AA}"
EndProject
Project("{2150E333-8FDC-42A3-9474-1A3956D46DE8}") = "BasicFundation", "BasicFundation", "{76E2E986-C4CF-4E70-9D74-2045EE2BC86C}"
EndProject
Project("{2150E333-8FDC-42A3-9474-1A3956D46DE8}") = "BongoWeb", "BongoWeb", "{6AA27D3F-7A88-4BB2-98E5-B8E9FFA0DF98}"
EndProject
Project("{9A19103F-16F7-4668-BE54-9A1E7A4F7556}") = "Bongo.Core", "Bongo_InitialSetup (.NET 6)\Bongo.Core\Bongo.Core.csproj", "{34477BCA-4E1E-4DEF-AD6E-7BB4A33E81CE}"
EndProject
Project("{9A19103F-16F7-4668-BE54-9A1E7A4F7556}") = "Bongo.DataAccess", "Bongo_InitialSetup (.NET 6)\Bongo.DataAccess\Bongo.DataAccess.csproj", "{CB80D2FC-66B9-4516-AFFE-1020017B12C5}"
EndProject
Project("{9A19103F-16F7-4668-BE54-9A1E7A4F7556}") = "Bongo.Models", "Bongo_InitialSetup (.NET 6)\Bongo.Models\Bongo.Models.csproj", "{FC0CD796-4174-485A-949D-230EFDEF889F}"
EndProject
Project("{9A19103F-16F7-4668-BE54-9A1E7A4F7556}") = "Bongo.Web", "Bongo_InitialSetup (.NET 6)\Bongo.Web\Bongo.Web.csproj", "{C0995FEC-4190-4489-A33E-FB566AE329CE}"
EndProject
Project("{FAE04EC0-301F-11D3-BF4B-00C04F79EFBC}") = "Bongo.Models.Tests", "Bongo.Models.Tests\Bongo.Models.Tests.csproj", "{5217F444-4890-4B14-881C-FAB1A095ACBE}"
EndProject
Project("{FAE04EC0-301F-11D3-BF4B-00C04F79EFBC}") = "Bongo.DataAccess.Tests", "Bongo.DataAccess.Tests\Bongo.DataAccess.Tests.csproj", "{5214B8BC-94C2-4CD6-A7ED-BB25A35B6C27}"
EndProject
Global
	GlobalSection(SolutionConfigurationPlatforms) = preSolution
		Debug|Any CPU = Debug|Any CPU
		Release|Any CPU = Release|Any CPU
	EndGlobalSection
	GlobalSection(ProjectConfigurationPlatforms) = postSolution
		{BC072B0C-D52F-4D1C-887F-9C80FD36E773}.Debug|Any CPU.ActiveCfg = Debug|Any CPU
		{BC072B0C-D52F-4D1C-887F-9C80FD36E773}.Debug|Any CPU.Build.0 = Debug|Any CPU
		{BC072B0C-D52F-4D1C-887F-9C80FD36E773}.Release|Any CPU.ActiveCfg = Release|Any CPU
		{BC072B0C-D52F-4D1C-887F-9C80FD36E773}.Release|Any CPU.Build.0 = Release|Any CPU
		{A3C97F9B-4665-40D1-86C0-1DD4DF13BBB0}.Debug|Any CPU.ActiveCfg = Debug|Any CPU
		{A3C97F9B-4665-40D1-86C0-1DD4DF13BBB0}.Debug|Any CPU.Build.0 = Debug|Any CPU
		{A3C97F9B-4665-40D1-86C0-1DD4DF13BBB0}.Release|Any CPU.ActiveCfg = Release|Any CPU
		{A3C97F9B-4665-40D1-86C0-1DD4DF13BBB0}.Release|Any CPU.Build.0 = Release|Any CPU
		{4FD96C20-15E1-426C-AD50-BAD7C7F0266A}.Debug|Any CPU.ActiveCfg = Debug|Any CPU
		{4FD96C20-15E1-426C-AD50-BAD7C7F0266A}.Debug|Any CPU.Build.0 = Debug|Any CPU
		{4FD96C20-15E1-426C-AD50-BAD7C7F0266A}.Release|Any CPU.ActiveCfg = Release|Any CPU
		{4FD96C20-15E1-426C-AD50-BAD7C7F0266A}.Release|Any CPU.Build.0 = Release|Any CPU
		{6783A4BA-9EB9-49A3-A836-DFDA63E133AA}.Debug|Any CPU.ActiveCfg = Debug|Any CPU
		{6783A4BA-9EB9-49A3-A836-DFDA63E133AA}.Debug|Any CPU.Build.0 = Debug|Any CPU
		{6783A4BA-9EB9-49A3-A836-DFDA63E133AA}.Release|Any CPU.ActiveCfg = Release|Any CPU
		{6783A4BA-9EB9-49A3-A836-DFDA63E133AA}.Release|Any CPU.Build.0 = Release|Any CPU
		{34477BCA-4E1E-4DEF-AD6E-7BB4A33E81CE}.Debug|Any CPU.ActiveCfg = Debug|Any CPU
		{34477BCA-4E1E-4DEF-AD6E-7BB4A33E81CE}.Debug|Any CPU.Build.0 = Debug|Any CPU
		{34477BCA-4E1E-4DEF-AD6E-7BB4A33E81CE}.Release|Any CPU.ActiveCfg = Release|Any CPU
		{34477BCA-4E1E-4DEF-AD6E-7BB4A33E81CE}.Release|Any CPU.Build.0 = Release|Any CPU
		{CB80D2FC-66B9-4516-AFFE-1020017B12C5}.Debug|Any CPU.ActiveCfg = Debug|Any CPU
		{CB80D2FC-66B9-4516-AFFE-1020017B12C5}.Debug|Any CPU.Build.0 = Debug|Any CPU
		{CB80D2FC-66B9-4516-AFFE-1020017B12C5}.Release|Any CPU.ActiveCfg = Release|Any CPU
		{CB80D2FC-66B9-4516-AFFE-1020017B12C5}.Release|Any CPU.Build.0 = Release|Any CPU
		{FC0CD796-4174-485A-949D-230EFDEF889F}.Debug|Any CPU.ActiveCfg = Debug|Any CPU
		{FC0CD796-4174-485A-949D-230EFDEF889F}.Debug|Any CPU.Build.0 = Debug|Any CPU
		{FC0CD796-4174-485A-949D-230EFDEF889F}.Release|Any CPU.ActiveCfg = Release|Any CPU
		{FC0CD796-4174-485A-949D-230EFDEF889F}.Release|Any CPU.Build.0 = Release|Any CPU
		{C0995FEC-4190-4489-A33E-FB566AE329CE}.Debug|Any CPU.ActiveCfg = Debug|Any CPU
		{C0995FEC-4190-4489-A33E-FB566AE329CE}.Debug|Any CPU.Build.0 = Debug|Any CPU
		{C0995FEC-4190-4489-A33E-FB566AE329CE}.Release|Any CPU.ActiveCfg = Release|Any CPU
		{C0995FEC-4190-4489-A33E-FB566AE329CE}.Release|Any CPU.Build.0 = Release|Any CPU
		{5217F444-4890-4B14-881C-FAB1A095ACBE}.Debug|Any CPU.ActiveCfg = Debug|Any CPU
		{5217F444-4890-4B14-881C-FAB1A095ACBE}.Debug|Any CPU.Build.0 = Debug|Any CPU
		{5217F444-4890-4B14-881C-FAB1A095ACBE}.Release|Any CPU.ActiveCfg = Release|Any CPU
		{5217F444-4890-4B14-881C-FAB1A095ACBE}.Release|Any CPU.Build.0 = Release|Any CPU
		{5214B8BC-94C2-4CD6-A7ED-BB25A35B6C27}.Debug|Any CPU.ActiveCfg = Debug|Any CPU
		{5214B8BC-94C2-4CD6-A7ED-BB25A35B6C27}.Debug|Any CPU.Build.0 = Debug|Any CPU
		{5214B8BC-94C2-4CD6-A7ED-BB25A35B6C27}.Release|Any CPU.ActiveCfg = Release|Any CPU
		{5214B8BC-94C2-4CD6-A7ED-BB25A35B6C27}.Release|Any CPU.Build.0 = Release|Any CPU
	EndGlobalSection
	GlobalSection(SolutionProperties) = preSolution
		HideSolutionNode = FALSE
	EndGlobalSection
	GlobalSection(NestedProjects) = preSolution
		{BC072B0C-D52F-4D1C-887F-9C80FD36E773} = {76E2E986-C4CF-4E70-9D74-2045EE2BC86C}
		{A3C97F9B-4665-40D1-86C0-1DD4DF13BBB0} = {76E2E986-C4CF-4E70-9D74-2045EE2BC86C}
		{4FD96C20-15E1-426C-AD50-BAD7C7F0266A} = {76E2E986-C4CF-4E70-9D74-2045EE2BC86C}
		{6783A4BA-9EB9-49A3-A836-DFDA63E133AA} = {76E2E986-C4CF-4E70-9D74-2045EE2BC86C}
		{34477BCA-4E1E-4DEF-AD6E-7BB4A33E81CE} = {6AA27D3F-7A88-4BB2-98E5-B8E9FFA0DF98}
		{CB80D2FC-66B9-4516-AFFE-1020017B12C5} = {6AA27D3F-7A88-4BB2-98E5-B8E9FFA0DF98}
		{FC0CD796-4174-485A-949D-230EFDEF889F} = {6AA27D3F-7A88-4BB2-98E5-B8E9FFA0DF98}
		{C0995FEC-4190-4489-A33E-FB566AE329CE} = {6AA27D3F-7A88-4BB2-98E5-B8E9FFA0DF98}
		{5217F444-4890-4B14-881C-FAB1A095ACBE} = {6AA27D3F-7A88-4BB2-98E5-B8E9FFA0DF98}
		{5214B8BC-94C2-4CD6-A7ED-BB25A35B6C27} = {6AA27D3F-7A88-4BB2-98E5-B8E9FFA0DF98}
	EndGlobalSection
	GlobalSection(ExtensibilityGlobals) = postSolution
		SolutionGuid = {187ECFD1-373F-4674-BCB9-4D87BB6B3449}
	EndGlobalSection
EndGlobal
